Microsoft Visual Studio Solution File, Format Version 12.00
# Visual Studio Version 17
VisualStudioVersion = 17.5.2.0
MinimumVisualStudioVersion = 10.0.40219.1
Project("{FAE04EC0-301F-11D3-BF4B-00C04F79EFBC}") = "AtualizadorVersaoRds", "AtualizadorVersaoRds\AtualizadorVersaoRds.csproj", "{1247A08B-9C03-2DC7-5C1B-FC9991F5CABB}"
EndProject
Global
	GlobalSection(SolutionConfigurationPlatforms) = preSolution
		Debug|Any CPU = Debug|Any CPU
		Release|Any CPU = Release|Any CPU
	EndGlobalSection
	GlobalSection(ProjectConfigurationPlatforms) = postSolution
		{1247A08B-9C03-2DC7-5C1B-FC9991F5CABB}.Debug|Any CPU.ActiveCfg = Debug|Any CPU
		{1247A08B-9C03-2DC7-5C1B-FC9991F5CABB}.Debug|Any CPU.Build.0 = Debug|Any CPU
		{1247A08B-9C03-2DC7-5C1B-FC9991F5CABB}.Release|Any CPU.ActiveCfg = Release|Any CPU
		{1247A08B-9C03-2DC7-5C1B-FC9991F5CABB}.Release|Any CPU.Build.0 = Release|Any CPU
	EndGlobalSection
	GlobalSection(SolutionProperties) = preSolution
		HideSolutionNode = FALSE
	EndGlobalSection
	GlobalSection(ExtensibilityGlobals) = postSolution
		SolutionGuid = {8A9287DB-599A-462D-9E00-4817E8CD2DCC}
	EndGlobalSection
EndGlobal
