
Microsoft Visual Studio Solution File, Format Version 12.00
# Visual Studio Version 17
VisualStudioVersion = 17.5.2.0
MinimumVisualStudioVersion = 10.0.40219.1
Project("{FAE04EC0-301F-11D3-BF4B-00C04F79EFBC}") = "AtualizadorVersaoRds", "AtualizadorVersaoRds\AtualizadorVersaoRds.csproj", "{1247A08B-9C03-2DC7-5C1B-FC9991F5CABB}"
EndProject
Project("{FAE04EC0-301F-11D3-BF4B-00C04F79EFBC}") = "AtualizadorVersaoRds.Tests", "AtualizadorVersaoRds.Tests\AtualizadorVersaoRds.Tests.csproj", "{3BFDD95F-E234-41C2-9ED0-5772107FC34A}"
EndProject
Global
	GlobalSection(SolutionConfigurationPlatforms) = preSolution
		Debug|Any CPU = Debug|Any CPU
		Debug|x64 = Debug|x64
		Debug|x86 = Debug|x86
		Release|Any CPU = Release|Any CPU
		Release|x64 = Release|x64
		Release|x86 = Release|x86
	EndGlobalSection
	GlobalSection(ProjectConfigurationPlatforms) = postSolution
		{1247A08B-9C03-2DC7-5C1B-FC9991F5CABB}.Debug|Any CPU.ActiveCfg = Debug|Any CPU
		{1247A08B-9C03-2DC7-5C1B-FC9991F5CABB}.Debug|Any CPU.Build.0 = Debug|Any CPU
		{1247A08B-9C03-2DC7-5C1B-FC9991F5CABB}.Debug|x64.ActiveCfg = Debug|Any CPU
		{1247A08B-9C03-2DC7-5C1B-FC9991F5CABB}.Debug|x64.Build.0 = Debug|Any CPU
		{1247A08B-9C03-2DC7-5C1B-FC9991F5CABB}.Debug|x86.ActiveCfg = Debug|Any CPU
		{1247A08B-9C03-2DC7-5C1B-FC9991F5CABB}.Debug|x86.Build.0 = Debug|Any CPU
		{1247A08B-9C03-2DC7-5C1B-FC9991F5CABB}.Release|Any CPU.ActiveCfg = Release|Any CPU
		{1247A08B-9C03-2DC7-5C1B-FC9991F5CABB}.Release|Any CPU.Build.0 = Release|Any CPU
		{1247A08B-9C03-2DC7-5C1B-FC9991F5CABB}.Release|x64.ActiveCfg = Release|Any CPU
		{1247A08B-9C03-2DC7-5C1B-FC9991F5CABB}.Release|x64.Build.0 = Release|Any CPU
		{1247A08B-9C03-2DC7-5C1B-FC9991F5CABB}.Release|x86.ActiveCfg = Release|Any CPU
		{1247A08B-9C03-2DC7-5C1B-FC9991F5CABB}.Release|x86.Build.0 = Release|Any CPU
		{3BFDD95F-E234-41C2-9ED0-5772107FC34A}.Debug|Any CPU.ActiveCfg = Debug|Any CPU
		{3BFDD95F-E234-41C2-9ED0-5772107FC34A}.Debug|Any CPU.Build.0 = Debug|Any CPU
		{3BFDD95F-E234-41C2-9ED0-5772107FC34A}.Debug|x64.ActiveCfg = Debug|Any CPU
		{3BFDD95F-E234-41C2-9ED0-5772107FC34A}.Debug|x64.Build.0 = Debug|Any CPU
		{3BFDD95F-E234-41C2-9ED0-5772107FC34A}.Debug|x86.ActiveCfg = Debug|Any CPU
		{3BFDD95F-E234-41C2-9ED0-5772107FC34A}.Debug|x86.Build.0 = Debug|Any CPU
		{3BFDD95F-E234-41C2-9ED0-5772107FC34A}.Release|Any CPU.ActiveCfg = Release|Any CPU
		{3BFDD95F-E234-41C2-9ED0-5772107FC34A}.Release|Any CPU.Build.0 = Release|Any CPU
		{3BFDD95F-E234-41C2-9ED0-5772107FC34A}.Release|x64.ActiveCfg = Release|Any CPU
		{3BFDD95F-E234-41C2-9ED0-5772107FC34A}.Release|x64.Build.0 = Release|Any CPU
		{3BFDD95F-E234-41C2-9ED0-5772107FC34A}.Release|x86.ActiveCfg = Release|Any CPU
		{3BFDD95F-E234-41C2-9ED0-5772107FC34A}.Release|x86.Build.0 = Release|Any CPU
	EndGlobalSection
	GlobalSection(SolutionProperties) = preSolution
		HideSolutionNode = FALSE
	EndGlobalSection
	GlobalSection(ExtensibilityGlobals) = postSolution
		SolutionGuid = {8A9287DB-599A-462D-9E00-4817E8CD2DCC}
	EndGlobalSection
EndGlobal
